
Microsoft Visual Studio Solution File, Format Version 12.00
Project("{FAE04EC0-301F-11D3-BF4B-00C04F79EFBC}") = "WebApp", "WebApp\WebApp.csproj", "{6DC5FC96-74FE-4822-8090-F8AAB5979FF5}"
EndProject
Project("{FAE04EC0-301F-11D3-BF4B-00C04F79EFBC}") = "App.Domain", "App.Domain\App.Domain.csproj", "{53FBF139-172C-450C-8209-B9A73157410D}"
EndProject
Project("{FAE04EC0-301F-11D3-BF4B-00C04F79EFBC}") = "App.DAL.EF", "App.DAL.EF\App.DAL.EF.csproj", "{4F49CFFF-74A2-4BFE-AB10-F847635F4EBA}"
EndProject
Project("{FAE04EC0-301F-11D3-BF4B-00C04F79EFBC}") = "Base.Domain", "Base.Domain\Base.Domain.csproj", "{72BA9E8B-4462-4BFD-A517-621BDEB80749}"
EndProject
Project("{2150E333-8FDC-42A3-9474-1A3956D46DE8}") = "!SolutionItems", "!SolutionItems", "{B30E8B72-03B7-4C56-AF40-9C39FA91635A}"
	ProjectSection(SolutionItems) = preProject
		..\..\..\final\property-management-system\README.md = ..\..\..\final\property-management-system\README.md
		Directory.Build.props = Directory.Build.props
	EndProjectSection
EndProject
Project("{FAE04EC0-301F-11D3-BF4B-00C04F79EFBC}") = "App.DTO", "App.DTO\App.DTO.csproj", "{4E4E53F0-C661-4922-9D43-BBA271C4B03D}"
EndProject
Project("{FAE04EC0-301F-11D3-BF4B-00C04F79EFBC}") = "App.DAL", "App.DAL\App.DAL.csproj", "{AB595F14-53C8-4CD4-B9A3-1371AC7B809C}"
EndProject
Project("{FAE04EC0-301F-11D3-BF4B-00C04F79EFBC}") = "App.BLL", "App.BLL\App.BLL.csproj", "{64B8A23B-2E44-4D99-8252-71F3EDE4425F}"
EndProject
Project("{2150E333-8FDC-42A3-9474-1A3956D46DE8}") = "Solution Items", "Solution Items", "{09B1C3AC-F002-4CB6-85AB-B4A3B533D4C3}"
EndProject
Project("{FAE04EC0-301F-11D3-BF4B-00C04F79EFBC}") = "App.Contracts", "App.Contracts\App.Contracts.csproj", "{7B41D4D5-FF40-4385-8EE6-A1BBDC0B3DE0}"
EndProject
Global
	GlobalSection(SolutionConfigurationPlatforms) = preSolution
		Debug|Any CPU = Debug|Any CPU
		Release|Any CPU = Release|Any CPU
	EndGlobalSection
	GlobalSection(ProjectConfigurationPlatforms) = postSolution
		{6DC5FC96-74FE-4822-8090-F8AAB5979FF5}.Debug|Any CPU.ActiveCfg = Debug|Any CPU
		{6DC5FC96-74FE-4822-8090-F8AAB5979FF5}.Debug|Any CPU.Build.0 = Debug|Any CPU
		{6DC5FC96-74FE-4822-8090-F8AAB5979FF5}.Release|Any CPU.ActiveCfg = Release|Any CPU
		{6DC5FC96-74FE-4822-8090-F8AAB5979FF5}.Release|Any CPU.Build.0 = Release|Any CPU
		{53FBF139-172C-450C-8209-B9A73157410D}.Debug|Any CPU.ActiveCfg = Debug|Any CPU
		{53FBF139-172C-450C-8209-B9A73157410D}.Debug|Any CPU.Build.0 = Debug|Any CPU
		{53FBF139-172C-450C-8209-B9A73157410D}.Release|Any CPU.ActiveCfg = Release|Any CPU
		{53FBF139-172C-450C-8209-B9A73157410D}.Release|Any CPU.Build.0 = Release|Any CPU
		{4F49CFFF-74A2-4BFE-AB10-F847635F4EBA}.Debug|Any CPU.ActiveCfg = Debug|Any CPU
		{4F49CFFF-74A2-4BFE-AB10-F847635F4EBA}.Debug|Any CPU.Build.0 = Debug|Any CPU
		{4F49CFFF-74A2-4BFE-AB10-F847635F4EBA}.Release|Any CPU.ActiveCfg = Release|Any CPU
		{4F49CFFF-74A2-4BFE-AB10-F847635F4EBA}.Release|Any CPU.Build.0 = Release|Any CPU
		{72BA9E8B-4462-4BFD-A517-621BDEB80749}.Debug|Any CPU.ActiveCfg = Debug|Any CPU
		{72BA9E8B-4462-4BFD-A517-621BDEB80749}.Debug|Any CPU.Build.0 = Debug|Any CPU
		{72BA9E8B-4462-4BFD-A517-621BDEB80749}.Release|Any CPU.ActiveCfg = Release|Any CPU
		{72BA9E8B-4462-4BFD-A517-621BDEB80749}.Release|Any CPU.Build.0 = Release|Any CPU
		{4E4E53F0-C661-4922-9D43-BBA271C4B03D}.Debug|Any CPU.ActiveCfg = Debug|Any CPU
		{4E4E53F0-C661-4922-9D43-BBA271C4B03D}.Debug|Any CPU.Build.0 = Debug|Any CPU
		{4E4E53F0-C661-4922-9D43-BBA271C4B03D}.Release|Any CPU.ActiveCfg = Release|Any CPU
		{4E4E53F0-C661-4922-9D43-BBA271C4B03D}.Release|Any CPU.Build.0 = Release|Any CPU
		{AB595F14-53C8-4CD4-B9A3-1371AC7B809C}.Debug|Any CPU.ActiveCfg = Debug|Any CPU
		{AB595F14-53C8-4CD4-B9A3-1371AC7B809C}.Debug|Any CPU.Build.0 = Debug|Any CPU
		{AB595F14-53C8-4CD4-B9A3-1371AC7B809C}.Release|Any CPU.ActiveCfg = Release|Any CPU
		{AB595F14-53C8-4CD4-B9A3-1371AC7B809C}.Release|Any CPU.Build.0 = Release|Any CPU
		{64B8A23B-2E44-4D99-8252-71F3EDE4425F}.Debug|Any CPU.ActiveCfg = Debug|Any CPU
		{64B8A23B-2E44-4D99-8252-71F3EDE4425F}.Debug|Any CPU.Build.0 = Debug|Any CPU
		{64B8A23B-2E44-4D99-8252-71F3EDE4425F}.Release|Any CPU.ActiveCfg = Release|Any CPU
		{64B8A23B-2E44-4D99-8252-71F3EDE4425F}.Release|Any CPU.Build.0 = Release|Any CPU
		{7B41D4D5-FF40-4385-8EE6-A1BBDC0B3DE0}.Debug|Any CPU.ActiveCfg = Debug|Any CPU
		{7B41D4D5-FF40-4385-8EE6-A1BBDC0B3DE0}.Debug|Any CPU.Build.0 = Debug|Any CPU
		{7B41D4D5-FF40-4385-8EE6-A1BBDC0B3DE0}.Release|Any CPU.ActiveCfg = Release|Any CPU
		{7B41D4D5-FF40-4385-8EE6-A1BBDC0B3DE0}.Release|Any CPU.Build.0 = Release|Any CPU
	EndGlobalSection
EndGlobal
